
Microsoft Visual Studio Solution File, Format Version 12.00
# Visual Studio Version 17
VisualStudioVersion = 17.1.32414.318
MinimumVisualStudioVersion = 10.0.40219.1
Project("{9A19103F-16F7-4668-BE54-9A1E7A4F7556}") = "AsoiafKindleDict.Api", "AsoiafKindleDict.Api\AsoiafKindleDict.Api.csproj", "{377F3100-0FF0-4EBA-8827-ED2D3BF0297F}"
EndProject
Project("{FAE04EC0-301F-11D3-BF4B-00C04F79EFBC}") = "Tests", "Tests\Tests.csproj", "{8C2DA92E-FEE4-42FE-94E3-B3C7116322E5}"
EndProject
Project("{FAE04EC0-301F-11D3-BF4B-00C04F79EFBC}") = "AsoiafKindleDict.WebContract", "AsoiafKindleDict.WebContract\AsoiafKindleDict.WebContract.csproj", "{BF756C81-E263-4C43-975D-20BDB772C13D}"
EndProject
Global
	GlobalSection(SolutionConfigurationPlatforms) = preSolution
		Debug|Any CPU = Debug|Any CPU
		Release|Any CPU = Release|Any CPU
	EndGlobalSection
	GlobalSection(ProjectConfigurationPlatforms) = postSolution
		{377F3100-0FF0-4EBA-8827-ED2D3BF0297F}.Debug|Any CPU.ActiveCfg = Debug|Any CPU
		{377F3100-0FF0-4EBA-8827-ED2D3BF0297F}.Debug|Any CPU.Build.0 = Debug|Any CPU
		{377F3100-0FF0-4EBA-8827-ED2D3BF0297F}.Release|Any CPU.ActiveCfg = Release|Any CPU
		{377F3100-0FF0-4EBA-8827-ED2D3BF0297F}.Release|Any CPU.Build.0 = Release|Any CPU
		{8C2DA92E-FEE4-42FE-94E3-B3C7116322E5}.Debug|Any CPU.ActiveCfg = Debug|Any CPU
		{8C2DA92E-FEE4-42FE-94E3-B3C7116322E5}.Debug|Any CPU.Build.0 = Debug|Any CPU
		{8C2DA92E-FEE4-42FE-94E3-B3C7116322E5}.Release|Any CPU.ActiveCfg = Release|Any CPU
		{8C2DA92E-FEE4-42FE-94E3-B3C7116322E5}.Release|Any CPU.Build.0 = Release|Any CPU
		{BF756C81-E263-4C43-975D-20BDB772C13D}.Debug|Any CPU.ActiveCfg = Debug|Any CPU
		{BF756C81-E263-4C43-975D-20BDB772C13D}.Debug|Any CPU.Build.0 = Debug|Any CPU
		{BF756C81-E263-4C43-975D-20BDB772C13D}.Release|Any CPU.ActiveCfg = Release|Any CPU
		{BF756C81-E263-4C43-975D-20BDB772C13D}.Release|Any CPU.Build.0 = Release|Any CPU
	EndGlobalSection
	GlobalSection(SolutionProperties) = preSolution
		HideSolutionNode = FALSE
	EndGlobalSection
	GlobalSection(ExtensibilityGlobals) = postSolution
		SolutionGuid = {47D011A2-6B93-49DD-82A5-65D07DDE3F80}
	EndGlobalSection
EndGlobal
